
Microsoft Visual Studio Solution File, Format Version 12.00
# Visual Studio Version 17
VisualStudioVersion = 17.9.34622.214
MinimumVisualStudioVersion = 10.0.40219.1
Project("{9A19103F-16F7-4668-BE54-9A1E7A4F7556}") = "KOICommunicationPlatform", "KOICommunicationPlatform\KOICommunicationPlatform.csproj", "{4732EF20-27F9-40E8-99AA-BB8BCC256141}"
EndProject
Project("{9A19103F-16F7-4668-BE54-9A1E7A4F7556}") = "KOICommunicationPlatform.Models", "KOICommunicationPlatform.Models\KOICommunicationPlatform.Models.csproj", "{CB86D641-B465-4757-ACB7-EB4872FED7E1}"
EndProject
Project("{9A19103F-16F7-4668-BE54-9A1E7A4F7556}") = "KOICommunicationPlatform.Utilities", "KOICommunicationPlatform.Utilities\KOICommunicationPlatform.Utilities.csproj", "{EC92923F-A0DB-4F14-B2EF-891F98C37B3C}"
EndProject
Project("{9A19103F-16F7-4668-BE54-9A1E7A4F7556}") = "KOICommunicationPlatform.DataAccess", "KOICommunicationPlatform.DataAccess\KOICommunicationPlatform.DataAccess.csproj", "{4D7C8239-7E97-4F41-BB0E-84572DDBE5C0}"
EndProject
Global
	GlobalSection(SolutionConfigurationPlatforms) = preSolution
		Debug|Any CPU = Debug|Any CPU
		Release|Any CPU = Release|Any CPU
	EndGlobalSection
	GlobalSection(ProjectConfigurationPlatforms) = postSolution
		{4732EF20-27F9-40E8-99AA-BB8BCC256141}.Debug|Any CPU.ActiveCfg = Debug|Any CPU
		{4732EF20-27F9-40E8-99AA-BB8BCC256141}.Debug|Any CPU.Build.0 = Debug|Any CPU
		{4732EF20-27F9-40E8-99AA-BB8BCC256141}.Release|Any CPU.ActiveCfg = Release|Any CPU
		{4732EF20-27F9-40E8-99AA-BB8BCC256141}.Release|Any CPU.Build.0 = Release|Any CPU
		{CB86D641-B465-4757-ACB7-EB4872FED7E1}.Debug|Any CPU.ActiveCfg = Debug|Any CPU
		{CB86D641-B465-4757-ACB7-EB4872FED7E1}.Debug|Any CPU.Build.0 = Debug|Any CPU
		{CB86D641-B465-4757-ACB7-EB4872FED7E1}.Release|Any CPU.ActiveCfg = Release|Any CPU
		{CB86D641-B465-4757-ACB7-EB4872FED7E1}.Release|Any CPU.Build.0 = Release|Any CPU
		{EC92923F-A0DB-4F14-B2EF-891F98C37B3C}.Debug|Any CPU.ActiveCfg = Debug|Any CPU
		{EC92923F-A0DB-4F14-B2EF-891F98C37B3C}.Debug|Any CPU.Build.0 = Debug|Any CPU
		{EC92923F-A0DB-4F14-B2EF-891F98C37B3C}.Release|Any CPU.ActiveCfg = Release|Any CPU
		{EC92923F-A0DB-4F14-B2EF-891F98C37B3C}.Release|Any CPU.Build.0 = Release|Any CPU
		{4D7C8239-7E97-4F41-BB0E-84572DDBE5C0}.Debug|Any CPU.ActiveCfg = Debug|Any CPU
		{4D7C8239-7E97-4F41-BB0E-84572DDBE5C0}.Debug|Any CPU.Build.0 = Debug|Any CPU
		{4D7C8239-7E97-4F41-BB0E-84572DDBE5C0}.Release|Any CPU.ActiveCfg = Release|Any CPU
		{4D7C8239-7E97-4F41-BB0E-84572DDBE5C0}.Release|Any CPU.Build.0 = Release|Any CPU
	EndGlobalSection
	GlobalSection(SolutionProperties) = preSolution
		HideSolutionNode = FALSE
	EndGlobalSection
	GlobalSection(ExtensibilityGlobals) = postSolution
		SolutionGuid = {90D894A4-7D97-492D-935A-722CEC32FA43}
	EndGlobalSection
EndGlobal
